
Microsoft Visual Studio Solution File, Format Version 12.00
# Visual Studio Version 17
VisualStudioVersion = 17.3.32922.545
MinimumVisualStudioVersion = 10.0.40219.1
Project("{FAE04EC0-301F-11D3-BF4B-00C04F79EFBC}") = "GiftStore", "GiftStore.csproj", "{4C64730B-0CF0-487F-9E30-8C95D35A265F}"
EndProject
Global
	GlobalSection(SolutionConfigurationPlatforms) = preSolution
		Debug|Any CPU = Debug|Any CPU
		Release|Any CPU = Release|Any CPU
	EndGlobalSection
	GlobalSection(ProjectConfigurationPlatforms) = postSolution
		{4C64730B-0CF0-487F-9E30-8C95D35A265F}.Debug|Any CPU.ActiveCfg = Debug|Any CPU
		{4C64730B-0CF0-487F-9E30-8C95D35A265F}.Debug|Any CPU.Build.0 = Debug|Any CPU
		{4C64730B-0CF0-487F-9E30-8C95D35A265F}.Release|Any CPU.ActiveCfg = Release|Any CPU
		{4C64730B-0CF0-487F-9E30-8C95D35A265F}.Release|Any CPU.Build.0 = Release|Any CPU
	EndGlobalSection
	GlobalSection(SolutionProperties) = preSolution
		HideSolutionNode = FALSE
	EndGlobalSection
	GlobalSection(ExtensibilityGlobals) = postSolution
		SolutionGuid = {BBFBCFF2-1F04-4E88-8833-FA340A8936DC}
	EndGlobalSection
EndGlobal
